
Microsoft Visual Studio Solution File, Format Version 12.00
# Visual Studio 2013
VisualStudioVersion = 12.0.40629.0
MinimumVisualStudioVersion = 10.0.40219.1
Project("{2150E333-8FDC-42A3-9474-1A3956D46DE8}") = "0 - Presentation", "0 - Presentation", "{0910AA2E-F4A2-477F-B3E5-87EFC67D0A8D}"
EndProject
Project("{2150E333-8FDC-42A3-9474-1A3956D46DE8}") = "1 - Application", "1 - Application", "{1BE4925F-0968-4899-AEBD-EDB86CE03043}"
EndProject
Project("{2150E333-8FDC-42A3-9474-1A3956D46DE8}") = "2 - Domain", "2 - Domain", "{3958D646-679B-441A-AD5C-1B72FE198BC9}"
EndProject
Project("{2150E333-8FDC-42A3-9474-1A3956D46DE8}") = "3 - Infra", "3 - Infra", "{FACA52E0-435D-4AF4-A83A-C68967DC39CD}"
EndProject
Project("{FAE04EC0-301F-11D3-BF4B-00C04F79EFBC}") = "SAD360.Domain", "SAD360.Domain\SAD360.Domain.csproj", "{07BE4ABA-BDC7-401C-BCBA-80207B70265A}"
EndProject
Project("{2150E333-8FDC-42A3-9474-1A3956D46DE8}") = "Data", "Data", "{BA2E38A7-44CD-430B-A546-F5B6CC1172AD}"
EndProject
Project("{FAE04EC0-301F-11D3-BF4B-00C04F79EFBC}") = "SAD360.Infra.Data", "SAD360.Infra.Data\SAD360.Infra.Data.csproj", "{8FA53D60-0973-4481-A950-05DD6B9787E0}"
EndProject
Project("{FAE04EC0-301F-11D3-BF4B-00C04F79EFBC}") = "SAD360.MVC", "SAD360.MVC\SAD360.MVC.csproj", "{F64E4713-4D1B-4CFD-AB4F-B6C3E676ED1F}"
EndProject
Project("{FAE04EC0-301F-11D3-BF4B-00C04F79EFBC}") = "SAD360.Application", "SAD360.Application\SAD360.Application.csproj", "{1B1B82D4-7034-40E7-A348-D385D11B9AD4}"
EndProject
Global
	GlobalSection(SolutionConfigurationPlatforms) = preSolution
		Debug|Any CPU = Debug|Any CPU
		Release|Any CPU = Release|Any CPU
	EndGlobalSection
	GlobalSection(ProjectConfigurationPlatforms) = postSolution
		{07BE4ABA-BDC7-401C-BCBA-80207B70265A}.Debug|Any CPU.ActiveCfg = Debug|Any CPU
		{07BE4ABA-BDC7-401C-BCBA-80207B70265A}.Debug|Any CPU.Build.0 = Debug|Any CPU
		{07BE4ABA-BDC7-401C-BCBA-80207B70265A}.Release|Any CPU.ActiveCfg = Release|Any CPU
		{07BE4ABA-BDC7-401C-BCBA-80207B70265A}.Release|Any CPU.Build.0 = Release|Any CPU
		{8FA53D60-0973-4481-A950-05DD6B9787E0}.Debug|Any CPU.ActiveCfg = Debug|Any CPU
		{8FA53D60-0973-4481-A950-05DD6B9787E0}.Debug|Any CPU.Build.0 = Debug|Any CPU
		{8FA53D60-0973-4481-A950-05DD6B9787E0}.Release|Any CPU.ActiveCfg = Release|Any CPU
		{8FA53D60-0973-4481-A950-05DD6B9787E0}.Release|Any CPU.Build.0 = Release|Any CPU
		{F64E4713-4D1B-4CFD-AB4F-B6C3E676ED1F}.Debug|Any CPU.ActiveCfg = Debug|Any CPU
		{F64E4713-4D1B-4CFD-AB4F-B6C3E676ED1F}.Debug|Any CPU.Build.0 = Debug|Any CPU
		{F64E4713-4D1B-4CFD-AB4F-B6C3E676ED1F}.Release|Any CPU.ActiveCfg = Release|Any CPU
		{F64E4713-4D1B-4CFD-AB4F-B6C3E676ED1F}.Release|Any CPU.Build.0 = Release|Any CPU
		{1B1B82D4-7034-40E7-A348-D385D11B9AD4}.Debug|Any CPU.ActiveCfg = Debug|Any CPU
		{1B1B82D4-7034-40E7-A348-D385D11B9AD4}.Debug|Any CPU.Build.0 = Debug|Any CPU
		{1B1B82D4-7034-40E7-A348-D385D11B9AD4}.Release|Any CPU.ActiveCfg = Release|Any CPU
		{1B1B82D4-7034-40E7-A348-D385D11B9AD4}.Release|Any CPU.Build.0 = Release|Any CPU
	EndGlobalSection
	GlobalSection(SolutionProperties) = preSolution
		HideSolutionNode = FALSE
	EndGlobalSection
	GlobalSection(NestedProjects) = preSolution
		{07BE4ABA-BDC7-401C-BCBA-80207B70265A} = {3958D646-679B-441A-AD5C-1B72FE198BC9}
		{BA2E38A7-44CD-430B-A546-F5B6CC1172AD} = {FACA52E0-435D-4AF4-A83A-C68967DC39CD}
		{8FA53D60-0973-4481-A950-05DD6B9787E0} = {BA2E38A7-44CD-430B-A546-F5B6CC1172AD}
		{F64E4713-4D1B-4CFD-AB4F-B6C3E676ED1F} = {0910AA2E-F4A2-477F-B3E5-87EFC67D0A8D}
		{1B1B82D4-7034-40E7-A348-D385D11B9AD4} = {1BE4925F-0968-4899-AEBD-EDB86CE03043}
	EndGlobalSection
EndGlobal
